// !$*UTF8*$!
{
	archiveVersion = 1;
	classes = {
	};
	objectVersion = 52;
	objects = {

/* Begin PBXBuildFile section */
		FB81F72D26AE789500E8D666 /* Response.swift in Sources */ = {isa = PBXBuildFile; fileRef = FB81F72C26AE789500E8D666 /* Response.swift */; };
		FBD81AF426AE6E6F0064BAD8 /* AppDelegate.swift in Sources */ = {isa = PBXBuildFile; fileRef = FBD81AF326AE6E6F0064BAD8 /* AppDelegate.swift */; };
		FBD81AF626AE6E6F0064BAD8 /* SceneDelegate.swift in Sources */ = {isa = PBXBuildFile; fileRef = FBD81AF526AE6E6F0064BAD8 /* SceneDelegate.swift */; };
		FBD81AF826AE6E6F0064BAD8 /* ViewController.swift in Sources */ = {isa = PBXBuildFile; fileRef = FBD81AF726AE6E6F0064BAD8 /* ViewController.swift */; };
		FBD81AFB26AE6E6F0064BAD8 /* Main.storyboard in Resources */ = {isa = PBXBuildFile; fileRef = FBD81AF926AE6E6F0064BAD8 /* Main.storyboard */; };
		FBD81AFD26AE6E700064BAD8 /* Assets.xcassets in Resources */ = {isa = PBXBuildFile; fileRef = FBD81AFC26AE6E700064BAD8 /* Assets.xcassets */; };
		FBD81B0026AE6E700064BAD8 /* LaunchScreen.storyboard in Resources */ = {isa = PBXBuildFile; fileRef = FBD81AFE26AE6E700064BAD8 /* LaunchScreen.storyboard */; };
		FBE3D88326AE7ECD0090DB90 /* Alamofire in Frameworks */ = {isa = PBXBuildFile; productRef = FBE3D88226AE7ECD0090DB90 /* Alamofire */; };
		FBE3D88C26AE7F530090DB90 /* Promises in Frameworks */ = {isa = PBXBuildFile; productRef = FBE3D88B26AE7F530090DB90 /* Promises */; };
/* End PBXBuildFile section */

/* Begin PBXFileReference section */
		FB81F72C26AE789500E8D666 /* Response.swift */ = {isa = PBXFileReference; lastKnownFileType = sourcecode.swift; path = Response.swift; sourceTree = "<group>"; };
		FBD81AF026AE6E6F0064BAD8 /* ContactApp.app */ = {isa = PBXFileReference; explicitFileType = wrapper.application; includeInIndex = 0; path = ContactApp.app; sourceTree = BUILT_PRODUCTS_DIR; };
		FBD81AF326AE6E6F0064BAD8 /* AppDelegate.swift */ = {isa = PBXFileReference; lastKnownFileType = sourcecode.swift; path = AppDelegate.swift; sourceTree = "<group>"; };
		FBD81AF526AE6E6F0064BAD8 /* SceneDelegate.swift */ = {isa = PBXFileReference; lastKnownFileType = sourcecode.swift; path = SceneDelegate.swift; sourceTree = "<group>"; };
		FBD81AF726AE6E6F0064BAD8 /* ViewController.swift */ = {isa = PBXFileReference; lastKnownFileType = sourcecode.swift; path = ViewController.swift; sourceTree = "<group>"; };
		FBD81AFA26AE6E6F0064BAD8 /* Base */ = {isa = PBXFileReference; lastKnownFileType = file.storyboard; name = Base; path = Base.lproj/Main.storyboard; sourceTree = "<group>"; };
		FBD81AFC26AE6E700064BAD8 /* Assets.xcassets */ = {isa = PBXFileReference; lastKnownFileType = folder.assetcatalog; path = Assets.xcassets; sourceTree = "<group>"; };
		FBD81AFF26AE6E700064BAD8 /* Base */ = {isa = PBXFileReference; lastKnownFileType = file.storyboard; name = Base; path = Base.lproj/LaunchScreen.storyboard; sourceTree = "<group>"; };
		FBD81B0126AE6E700064BAD8 /* Info.plist */ = {isa = PBXFileReference; lastKnownFileType = text.plist.xml; path = Info.plist; sourceTree = "<group>"; };
/* End PBXFileReference section */

/* Begin PBXFrameworksBuildPhase section */
		FBD81AED26AE6E6F0064BAD8 /* Frameworks */ = {
			isa = PBXFrameworksBuildPhase;
			buildActionMask = 2147483647;
			files = (
				FBE3D88C26AE7F530090DB90 /* Promises in Frameworks */,
				FBE3D88326AE7ECD0090DB90 /* Alamofire in Frameworks */,
			);
			runOnlyForDeploymentPostprocessing = 0;
		};
/* End PBXFrameworksBuildPhase section */

/* Begin PBXGroup section */
		FB81F72B26AE787D00E8D666 /* DataModels */ = {
			isa = PBXGroup;
			children = (
				FB81F72C26AE789500E8D666 /* Response.swift */,
			);
			path = DataModels;
			sourceTree = "<group>";
		};
		FBD81AE726AE6E6F0064BAD8 = {
			isa = PBXGroup;
			children = (
				FBD81AF226AE6E6F0064BAD8 /* ContactApp */,
				FBD81AF126AE6E6F0064BAD8 /* Products */,
			);
			sourceTree = "<group>";
		};
		FBD81AF126AE6E6F0064BAD8 /* Products */ = {
			isa = PBXGroup;
			children = (
				FBD81AF026AE6E6F0064BAD8 /* ContactApp.app */,
			);
			name = Products;
			sourceTree = "<group>";
		};
		FBD81AF226AE6E6F0064BAD8 /* ContactApp */ = {
			isa = PBXGroup;
			children = (
				FB81F72B26AE787D00E8D666 /* DataModels */,
				FBD81AF326AE6E6F0064BAD8 /* AppDelegate.swift */,
				FBD81AF526AE6E6F0064BAD8 /* SceneDelegate.swift */,
				FBD81AF726AE6E6F0064BAD8 /* ViewController.swift */,
				FBD81AF926AE6E6F0064BAD8 /* Main.storyboard */,
				FBD81AFC26AE6E700064BAD8 /* Assets.xcassets */,
				FBD81AFE26AE6E700064BAD8 /* LaunchScreen.storyboard */,
				FBD81B0126AE6E700064BAD8 /* Info.plist */,
			);
			path = ContactApp;
			sourceTree = "<group>";
		};
/* End PBXGroup section */

/* Begin PBXNativeTarget section */
		FBD81AEF26AE6E6F0064BAD8 /* ContactApp */ = {
			isa = PBXNativeTarget;
			buildConfigurationList = FBD81B0426AE6E700064BAD8 /* Build configuration list for PBXNativeTarget "ContactApp" */;
			buildPhases = (
				FBD81AEC26AE6E6F0064BAD8 /* Sources */,
				FBD81AED26AE6E6F0064BAD8 /* Frameworks */,
				FBD81AEE26AE6E6F0064BAD8 /* Resources */,
			);
			buildRules = (
			);
			dependencies = (
			);
			name = ContactApp;
			packageProductDependencies = (
				FBE3D88226AE7ECD0090DB90 /* Alamofire */,
				FBE3D88B26AE7F530090DB90 /* Promises */,
			);
			productName = ContactApp;
			productReference = FBD81AF026AE6E6F0064BAD8 /* ContactApp.app */;
			productType = "com.apple.product-type.application";
		};
/* End PBXNativeTarget section */

/* Begin PBXProject section */
		FBD81AE826AE6E6F0064BAD8 /* Project object */ = {
			isa = PBXProject;
			attributes = {
				LastSwiftUpdateCheck = 1240;
				LastUpgradeCheck = 1240;
				TargetAttributes = {
					FBD81AEF26AE6E6F0064BAD8 = {
						CreatedOnToolsVersion = 12.4;
					};
				};
			};
			buildConfigurationList = FBD81AEB26AE6E6F0064BAD8 /* Build configuration list for PBXProject "ContactApp" */;
			compatibilityVersion = "Xcode 9.3";
			developmentRegion = en;
			hasScannedForEncodings = 0;
			knownRegions = (
				en,
				Base,
			);
			mainGroup = FBD81AE726AE6E6F0064BAD8;
			packageReferences = (
				FBE3D88126AE7ECD0090DB90 /* XCRemoteSwiftPackageReference "Alamofire" */,
				FBE3D88A26AE7F530090DB90 /* XCRemoteSwiftPackageReference "promises" */,
			);
			productRefGroup = FBD81AF126AE6E6F0064BAD8 /* Products */;
			projectDirPath = "";
			projectRoot = "";
			targets = (
				FBD81AEF26AE6E6F0064BAD8 /* ContactApp */,
			);
		};
/* End PBXProject section */

/* Begin PBXResourcesBuildPhase section */
		FBD81AEE26AE6E6F0064BAD8 /* Resources */ = {
			isa = PBXResourcesBuildPhase;
			buildActionMask = 2147483647;
			files = (
				FBD81B0026AE6E700064BAD8 /* LaunchScreen.storyboard in Resources */,
				FBD81AFD26AE6E700064BAD8 /* Assets.xcassets in Resources */,
				FBD81AFB26AE6E6F0064BAD8 /* Main.storyboard in Resources */,
			);
			runOnlyForDeploymentPostprocessing = 0;
		};
/* End PBXResourcesBuildPhase section */

/* Begin PBXSourcesBuildPhase section */
		FBD81AEC26AE6E6F0064BAD8 /* Sources */ = {
			isa = PBXSourcesBuildPhase;
			buildActionMask = 2147483647;
			files = (
				FBD81AF826AE6E6F0064BAD8 /* ViewController.swift in Sources */,
				FBD81AF426AE6E6F0064BAD8 /* AppDelegate.swift in Sources */,
				FBD81AF626AE6E6F0064BAD8 /* SceneDelegate.swift in Sources */,
				FB81F72D26AE789500E8D666 /* Response.swift in Sources */,
			);
			runOnlyForDeploymentPostprocessing = 0;
		};
/* End PBXSourcesBuildPhase section */

/* Begin PBXVariantGroup section */
		FBD81AF926AE6E6F0064BAD8 /* Main.storyboard */ = {
			isa = PBXVariantGroup;
			children = (
				FBD81AFA26AE6E6F0064BAD8 /* Base */,
			);
			name = Main.storyboard;
			sourceTree = "<group>";
		};
		FBD81AFE26AE6E700064BAD8 /* LaunchScreen.storyboard */ = {
			isa = PBXVariantGroup;
			children = (
				FBD81AFF26AE6E700064BAD8 /* Base */,
			);
			name = LaunchScreen.storyboard;
			sourceTree = "<group>";
		};
/* End PBXVariantGroup section */

/* Begin XCBuildConfiguration section */
		FBD81B0226AE6E700064BAD8 /* Debug */ = {
			isa = XCBuildConfiguration;
			buildSettings = {
				ALWAYS_SEARCH_USER_PATHS = NO;
				CLANG_ANALYZER_NONNULL = YES;
				CLANG_ANALYZER_NUMBER_OBJECT_CONVERSION = YES_AGGRESSIVE;
				CLANG_CXX_LANGUAGE_STANDARD = "gnu++14";
				CLANG_CXX_LIBRARY = "libc++";
				CLANG_ENABLE_MODULES = YES;
				CLANG_ENABLE_OBJC_ARC = YES;
				CLANG_ENABLE_OBJC_WEAK = YES;
				CLANG_WARN_BLOCK_CAPTURE_AUTORELEASING = YES;
				CLANG_WARN_BOOL_CONVERSION = YES;
				CLANG_WARN_COMMA = YES;
				CLANG_WARN_CONSTANT_CONVERSION = YES;
				CLANG_WARN_DEPRECATED_OBJC_IMPLEMENTATIONS = YES;
				CLANG_WARN_DIRECT_OBJC_ISA_USAGE = YES_ERROR;
				CLANG_WARN_DOCUMENTATION_COMMENTS = YES;
				CLANG_WARN_EMPTY_BODY = YES;
				CLANG_WARN_ENUM_CONVERSION = YES;
				CLANG_WARN_INFINITE_RECURSION = YES;
				CLANG_WARN_INT_CONVERSION = YES;
				CLANG_WARN_NON_LITERAL_NULL_CONVERSION = YES;
				CLANG_WARN_OBJC_IMPLICIT_RETAIN_SELF = YES;
				CLANG_WARN_OBJC_LITERAL_CONVERSION = YES;
				CLANG_WARN_OBJC_ROOT_CLASS = YES_ERROR;
				CLANG_WARN_QUOTED_INCLUDE_IN_FRAMEWORK_HEADER = YES;
				CLANG_WARN_RANGE_LOOP_ANALYSIS = YES;
				CLANG_WARN_STRICT_PROTOTYPES = YES;
				CLANG_WARN_SUSPICIOUS_MOVE = YES;
				CLANG_WARN_UNGUARDED_AVAILABILITY = YES_AGGRESSIVE;
				CLANG_WARN_UNREACHABLE_CODE = YES;
				CLANG_WARN__DUPLICATE_METHOD_MATCH = YES;
				COPY_PHASE_STRIP = NO;
				DEBUG_INFORMATION_FORMAT = dwarf;
				ENABLE_STRICT_OBJC_MSGSEND = YES;
				ENABLE_TESTABILITY = YES;
				GCC_C_LANGUAGE_STANDARD = gnu11;
				GCC_DYNAMIC_NO_PIC = NO;
				GCC_NO_COMMON_BLOCKS = YES;
				GCC_OPTIMIZATION_LEVEL = 0;
				GCC_PREPROCESSOR_DEFINITIONS = (
					"DEBUG=1",
					"$(inherited)",
				);
				GCC_WARN_64_TO_32_BIT_CONVERSION = YES;
				GCC_WARN_ABOUT_RETURN_TYPE = YES_ERROR;
				GCC_WARN_UNDECLARED_SELECTOR = YES;
				GCC_WARN_UNINITIALIZED_AUTOS = YES_AGGRESSIVE;
				GCC_WARN_UNUSED_FUNCTION = YES;
				GCC_WARN_UNUSED_VARIABLE = YES;
				IPHONEOS_DEPLOYMENT_TARGET = 14.4;
				MTL_ENABLE_DEBUG_INFO = INCLUDE_SOURCE;
				MTL_FAST_MATH = YES;
				ONLY_ACTIVE_ARCH = YES;
				SDKROOT = iphoneos;
				SWIFT_ACTIVE_COMPILATION_CONDITIONS = DEBUG;
				SWIFT_OPTIMIZATION_LEVEL = "-Onone";
			};
			name = Debug;
		};
		FBD81B0326AE6E700064BAD8 /* Release */ = {
			isa = XCBuildConfiguration;
			buildSettings = {
				ALWAYS_SEARCH_USER_PATHS = NO;
				CLANG_ANALYZER_NONNULL = YES;
				CLANG_ANALYZER_NUMBER_OBJECT_CONVERSION = YES_AGGRESSIVE;
				CLANG_CXX_LANGUAGE_STANDARD = "gnu++14";
				CLANG_CXX_LIBRARY = "libc++";
				CLANG_ENABLE_MODULES = YES;
				CLANG_ENABLE_OBJC_ARC = YES;
				CLANG_ENABLE_OBJC_WEAK = YES;
				CLANG_WARN_BLOCK_CAPTURE_AUTORELEASING = YES;
				CLANG_WARN_BOOL_CONVERSION = YES;
				CLANG_WARN_COMMA = YES;
				CLANG_WARN_CONSTANT_CONVERSION = YES;
				CLANG_WARN_DEPRECATED_OBJC_IMPLEMENTATIONS = YES;
				CLANG_WARN_DIRECT_OBJC_ISA_USAGE = YES_ERROR;
				CLANG_WARN_DOCUMENTATION_COMMENTS = YES;
				CLANG_WARN_EMPTY_BODY = YES;
				CLANG_WARN_ENUM_CONVERSION = YES;
				CLANG_WARN_INFINITE_RECURSION = YES;
				CLANG_WARN_INT_CONVERSION = YES;
				CLANG_WARN_NON_LITERAL_NULL_CONVERSION = YES;
				CLANG_WARN_OBJC_IMPLICIT_RETAIN_SELF = YES;
				CLANG_WARN_OBJC_LITERAL_CONVERSION = YES;
				CLANG_WARN_OBJC_ROOT_CLASS = YES_ERROR;
				CLANG_WARN_QUOTED_INCLUDE_IN_FRAMEWORK_HEADER = YES;
				CLANG_WARN_RANGE_LOOP_ANALYSIS = YES;
				CLANG_WARN_STRICT_PROTOTYPES = YES;
				CLANG_WARN_SUSPICIOUS_MOVE = YES;
				CLANG_WARN_UNGUARDED_AVAILABILITY = YES_AGGRESSIVE;
				CLANG_WARN_UNREACHABLE_CODE = YES;
				CLANG_WARN__DUPLICATE_METHOD_MATCH = YES;
				COPY_PHASE_STRIP = NO;
				DEBUG_INFORMATION_FORMAT = "dwarf-with-dsym";
				ENABLE_NS_ASSERTIONS = NO;
				ENABLE_STRICT_OBJC_MSGSEND = YES;
				GCC_C_LANGUAGE_STANDARD = gnu11;
				GCC_NO_COMMON_BLOCKS = YES;
				GCC_WARN_64_TO_32_BIT_CONVERSION = YES;
				GCC_WARN_ABOUT_RETURN_TYPE = YES_ERROR;
				GCC_WARN_UNDECLARED_SELECTOR = YES;
				GCC_WARN_UNINITIALIZED_AUTOS = YES_AGGRESSIVE;
				GCC_WARN_UNUSED_FUNCTION = YES;
				GCC_WARN_UNUSED_VARIABLE = YES;
				IPHONEOS_DEPLOYMENT_TARGET = 14.4;
				MTL_ENABLE_DEBUG_INFO = NO;
				MTL_FAST_MATH = YES;
				SDKROOT = iphoneos;
				SWIFT_COMPILATION_MODE = wholemodule;
				SWIFT_OPTIMIZATION_LEVEL = "-O";
				VALIDATE_PRODUCT = YES;
			};
			name = Release;
		};
		FBD81B0526AE6E700064BAD8 /* Debug */ = {
			isa = XCBuildConfiguration;
			buildSettings = {
				ASSETCATALOG_COMPILER_APPICON_NAME = AppIcon;
				ASSETCATALOG_COMPILER_GLOBAL_ACCENT_COLOR_NAME = AccentColor;
				CODE_SIGN_STYLE = Automatic;
				DEVELOPMENT_TEAM = CR6A36FH26;
				INFOPLIST_FILE = ContactApp/Info.plist;
				LD_RUNPATH_SEARCH_PATHS = (
					"$(inherited)",
					"@executable_path/Frameworks",
				);
				PRODUCT_BUNDLE_IDENTIFIER = com.mohshin.ContactApp;
				PRODUCT_NAME = "$(TARGET_NAME)";
				SWIFT_VERSION = 5.0;
				TARGETED_DEVICE_FAMILY = "1,2";
			};
			name = Debug;
		};
		FBD81B0626AE6E700064BAD8 /* Release */ = {
			isa = XCBuildConfiguration;
			buildSettings = {
				ASSETCATALOG_COMPILER_APPICON_NAME = AppIcon;
				ASSETCATALOG_COMPILER_GLOBAL_ACCENT_COLOR_NAME = AccentColor;
				CODE_SIGN_STYLE = Automatic;
				DEVELOPMENT_TEAM = CR6A36FH26;
				INFOPLIST_FILE = ContactApp/Info.plist;
				LD_RUNPATH_SEARCH_PATHS = (
					"$(inherited)",
					"@executable_path/Frameworks",
				);
				PRODUCT_BUNDLE_IDENTIFIER = com.mohshin.ContactApp;
				PRODUCT_NAME = "$(TARGET_NAME)";
				SWIFT_VERSION = 5.0;
				TARGETED_DEVICE_FAMILY = "1,2";
			};
			name = Release;
		};
/* End XCBuildConfiguration section */

/* Begin XCConfigurationList section */
		FBD81AEB26AE6E6F0064BAD8 /* Build configuration list for PBXProject "ContactApp" */ = {
			isa = XCConfigurationList;
			buildConfigurations = (
				FBD81B0226AE6E700064BAD8 /* Debug */,
				FBD81B0326AE6E700064BAD8 /* Release */,
			);
			defaultConfigurationIsVisible = 0;
			defaultConfigurationName = Release;
		};
		FBD81B0426AE6E700064BAD8 /* Build configuration list for PBXNativeTarget "ContactApp" */ = {
			isa = XCConfigurationList;
			buildConfigurations = (
				FBD81B0526AE6E700064BAD8 /* Debug */,
				FBD81B0626AE6E700064BAD8 /* Release */,
			);
			defaultConfigurationIsVisible = 0;
			defaultConfigurationName = Release;
		};
/* End XCConfigurationList section */

/* Begin XCRemoteSwiftPackageReference section */
		FBE3D88126AE7ECD0090DB90 /* XCRemoteSwiftPackageReference "Alamofire" */ = {
			isa = XCRemoteSwiftPackageReference;
			repositoryURL = "https://github.com/Alamofire/Alamofire";
			requirement = {
				kind = upToNextMajorVersion;
				minimumVersion = 5.4.3;
			};
		};
		FBE3D88A26AE7F530090DB90 /* XCRemoteSwiftPackageReference "promises" */ = {
			isa = XCRemoteSwiftPackageReference;
			repositoryURL = "https://github.com/google/promises";
			requirement = {
				kind = upToNextMajorVersion;
				minimumVersion = 2.0.0;
			};
		};
/* End XCRemoteSwiftPackageReference section */

/* Begin XCSwiftPackageProductDependency section */
		FBE3D88226AE7ECD0090DB90 /* Alamofire */ = {
			isa = XCSwiftPackageProductDependency;
			package = FBE3D88126AE7ECD0090DB90 /* XCRemoteSwiftPackageReference "Alamofire" */;
			productName = Alamofire;
		};
		FBE3D88B26AE7F530090DB90 /* Promises */ = {
			isa = XCSwiftPackageProductDependency;
			package = FBE3D88A26AE7F530090DB90 /* XCRemoteSwiftPackageReference "promises" */;
			productName = Promises;
		};
/* End XCSwiftPackageProductDependency section */
	};
	rootObject = FBD81AE826AE6E6F0064BAD8 /* Project object */;
}
